
Microsoft Visual Studio Solution File, Format Version 12.00
# Visual Studio 15
VisualStudioVersion = 15.0.28307.1525
MinimumVisualStudioVersion = 10.0.40219.1
Project("{FAE04EC0-301F-11D3-BF4B-00C04F79EFBC}") = "ConsoleApp23_1", "ConsoleApp23_1\ConsoleApp23_1.csproj", "{DE02C4F8-E545-490B-89D5-038A390B24C2}"
EndProject
Global
	GlobalSection(SolutionConfigurationPlatforms) = preSolution
		Debug|Any CPU = Debug|Any CPU
		Release|Any CPU = Release|Any CPU
	EndGlobalSection
	GlobalSection(ProjectConfigurationPlatforms) = postSolution
		{DE02C4F8-E545-490B-89D5-038A390B24C2}.Debug|Any CPU.ActiveCfg = Debug|Any CPU
		{DE02C4F8-E545-490B-89D5-038A390B24C2}.Debug|Any CPU.Build.0 = Debug|Any CPU
		{DE02C4F8-E545-490B-89D5-038A390B24C2}.Release|Any CPU.ActiveCfg = Release|Any CPU
		{DE02C4F8-E545-490B-89D5-038A390B24C2}.Release|Any CPU.Build.0 = Release|Any CPU
	EndGlobalSection
	GlobalSection(SolutionProperties) = preSolution
		HideSolutionNode = FALSE
	EndGlobalSection
	GlobalSection(ExtensibilityGlobals) = postSolution
		SolutionGuid = {7EE39D80-BFD9-4649-BD9C-FCF164F8648D}
	EndGlobalSection
EndGlobal
